
Microsoft Visual Studio Solution File, Format Version 12.00
# Visual Studio Version 17
VisualStudioVersion = 17.0.32014.148
MinimumVisualStudioVersion = 10.0.40219.1
Project("{FAE04EC0-301F-11D3-BF4B-00C04F79EFBC}") = "Kata1Calculator2", "Kata1Calculator2\Kata1Calculator2.csproj", "{5E354DC0-0732-48A0-990D-FF30136BB5B5}"
EndProject
Project("{FAE04EC0-301F-11D3-BF4B-00C04F79EFBC}") = "Kata1Calculator2.Test", "Kata1Calculator2.Test\Kata1Calculator2.Test.csproj", "{57AD357B-02C8-453F-AC4D-93B98BBBF5C3}"
EndProject
Global
	GlobalSection(SolutionConfigurationPlatforms) = preSolution
		Debug|Any CPU = Debug|Any CPU
		Release|Any CPU = Release|Any CPU
	EndGlobalSection
	GlobalSection(ProjectConfigurationPlatforms) = postSolution
		{5E354DC0-0732-48A0-990D-FF30136BB5B5}.Debug|Any CPU.ActiveCfg = Debug|Any CPU
		{5E354DC0-0732-48A0-990D-FF30136BB5B5}.Debug|Any CPU.Build.0 = Debug|Any CPU
		{5E354DC0-0732-48A0-990D-FF30136BB5B5}.Release|Any CPU.ActiveCfg = Release|Any CPU
		{5E354DC0-0732-48A0-990D-FF30136BB5B5}.Release|Any CPU.Build.0 = Release|Any CPU
		{57AD357B-02C8-453F-AC4D-93B98BBBF5C3}.Debug|Any CPU.ActiveCfg = Debug|Any CPU
		{57AD357B-02C8-453F-AC4D-93B98BBBF5C3}.Debug|Any CPU.Build.0 = Debug|Any CPU
		{57AD357B-02C8-453F-AC4D-93B98BBBF5C3}.Release|Any CPU.ActiveCfg = Release|Any CPU
		{57AD357B-02C8-453F-AC4D-93B98BBBF5C3}.Release|Any CPU.Build.0 = Release|Any CPU
	EndGlobalSection
	GlobalSection(SolutionProperties) = preSolution
		HideSolutionNode = FALSE
	EndGlobalSection
	GlobalSection(ExtensibilityGlobals) = postSolution
		SolutionGuid = {24C5FB8E-4545-4C88-B3D4-CED97D336F77}
	EndGlobalSection
EndGlobal
